
Microsoft Visual Studio Solution File, Format Version 12.00
# Visual Studio Version 17
VisualStudioVersion = 17.4.33213.308
MinimumVisualStudioVersion = 10.0.40219.1
Project("{FAE04EC0-301F-11D3-BF4B-00C04F79EFBC}") = "User_MVC", "User_MVC\User_MVC.csproj", "{DBD47421-5379-4618-80A5-00D3DDA99F42}"
EndProject
Global
	GlobalSection(SolutionConfigurationPlatforms) = preSolution
		Debug|Any CPU = Debug|Any CPU
		Release|Any CPU = Release|Any CPU
	EndGlobalSection
	GlobalSection(ProjectConfigurationPlatforms) = postSolution
		{DBD47421-5379-4618-80A5-00D3DDA99F42}.Debug|Any CPU.ActiveCfg = Debug|Any CPU
		{DBD47421-5379-4618-80A5-00D3DDA99F42}.Debug|Any CPU.Build.0 = Debug|Any CPU
		{DBD47421-5379-4618-80A5-00D3DDA99F42}.Release|Any CPU.ActiveCfg = Release|Any CPU
		{DBD47421-5379-4618-80A5-00D3DDA99F42}.Release|Any CPU.Build.0 = Release|Any CPU
	EndGlobalSection
	GlobalSection(SolutionProperties) = preSolution
		HideSolutionNode = FALSE
	EndGlobalSection
	GlobalSection(ExtensibilityGlobals) = postSolution
		SolutionGuid = {9BDAF723-20C7-49DA-A5D5-A627B230C1F8}
	EndGlobalSection
EndGlobal
